
Microsoft Visual Studio Solution File, Format Version 12.00
# Visual Studio Version 17
VisualStudioVersion = 17.10.34928.147
MinimumVisualStudioVersion = 10.0.40219.1
Project("{FAE04EC0-301F-11D3-BF4B-00C04F79EFBC}") = "NumberSorter", "NumberSorter.csproj", "{ABA2A5AE-3AE9-462E-9753-CA1C95743478}"
EndProject
Global
	GlobalSection(SolutionConfigurationPlatforms) = preSolution
		Debug|Any CPU = Debug|Any CPU
		Release|Any CPU = Release|Any CPU
	EndGlobalSection
	GlobalSection(ProjectConfigurationPlatforms) = postSolution
		{ABA2A5AE-3AE9-462E-9753-CA1C95743478}.Debug|Any CPU.ActiveCfg = Debug|Any CPU
		{ABA2A5AE-3AE9-462E-9753-CA1C95743478}.Debug|Any CPU.Build.0 = Debug|Any CPU
		{ABA2A5AE-3AE9-462E-9753-CA1C95743478}.Release|Any CPU.ActiveCfg = Release|Any CPU
		{ABA2A5AE-3AE9-462E-9753-CA1C95743478}.Release|Any CPU.Build.0 = Release|Any CPU
	EndGlobalSection
	GlobalSection(SolutionProperties) = preSolution
		HideSolutionNode = FALSE
	EndGlobalSection
	GlobalSection(ExtensibilityGlobals) = postSolution
		SolutionGuid = {C065D7E1-8475-490B-A3D8-B4F3CF36CB21}
	EndGlobalSection
EndGlobal
