
Microsoft Visual Studio Solution File, Format Version 12.00
# Visual Studio Version 17
VisualStudioVersion = 17.10.34928.147
MinimumVisualStudioVersion = 10.0.40219.1
Project("{9A19103F-16F7-4668-BE54-9A1E7A4F7556}") = "NumberSort", "NumberSort\NumberSort.csproj", "{1B7E4EA3-62F4-456E-A20C-AB76A05F53E8}"
EndProject
Project("{54435603-DBB4-11D2-8724-00A0C9A8B90C}") = "Installations", "Installations\Installations.vdproj", "{7AAE5B07-B146-40CA-A248-412BDB25A7F1}"
EndProject
Global
	GlobalSection(SolutionConfigurationPlatforms) = preSolution
		Debug|Any CPU = Debug|Any CPU
		Release|Any CPU = Release|Any CPU
	EndGlobalSection
	GlobalSection(ProjectConfigurationPlatforms) = postSolution
		{1B7E4EA3-62F4-456E-A20C-AB76A05F53E8}.Debug|Any CPU.ActiveCfg = Debug|Any CPU
		{1B7E4EA3-62F4-456E-A20C-AB76A05F53E8}.Debug|Any CPU.Build.0 = Debug|Any CPU
		{1B7E4EA3-62F4-456E-A20C-AB76A05F53E8}.Release|Any CPU.ActiveCfg = Release|Any CPU
		{1B7E4EA3-62F4-456E-A20C-AB76A05F53E8}.Release|Any CPU.Build.0 = Release|Any CPU
		{7AAE5B07-B146-40CA-A248-412BDB25A7F1}.Debug|Any CPU.ActiveCfg = Debug
		{7AAE5B07-B146-40CA-A248-412BDB25A7F1}.Release|Any CPU.ActiveCfg = Release
	EndGlobalSection
	GlobalSection(SolutionProperties) = preSolution
		HideSolutionNode = FALSE
	EndGlobalSection
	GlobalSection(ExtensibilityGlobals) = postSolution
		SolutionGuid = {87970E51-29B8-4AC7-B7EB-E75650D5D523}
	EndGlobalSection
EndGlobal
